
Microsoft Visual Studio Solution File, Format Version 12.00
# Visual Studio Version 17
VisualStudioVersion = 17.3.32825.248
MinimumVisualStudioVersion = 10.0.40219.1
Project("{FAE04EC0-301F-11D3-BF4B-00C04F79EFBC}") = "WindowsFormsApp1", "WindowsFormsApp1\WindowsFormsApp1.csproj", "{CE848BC8-AA39-4A7E-92F2-81DA84EC1744}"
EndProject
Global
	GlobalSection(SolutionConfigurationPlatforms) = preSolution
		Debug|Any CPU = Debug|Any CPU
		Release|Any CPU = Release|Any CPU
	EndGlobalSection
	GlobalSection(ProjectConfigurationPlatforms) = postSolution
		{CE848BC8-AA39-4A7E-92F2-81DA84EC1744}.Debug|Any CPU.ActiveCfg = Debug|Any CPU
		{CE848BC8-AA39-4A7E-92F2-81DA84EC1744}.Debug|Any CPU.Build.0 = Debug|Any CPU
		{CE848BC8-AA39-4A7E-92F2-81DA84EC1744}.Release|Any CPU.ActiveCfg = Release|Any CPU
		{CE848BC8-AA39-4A7E-92F2-81DA84EC1744}.Release|Any CPU.Build.0 = Release|Any CPU
	EndGlobalSection
	GlobalSection(SolutionProperties) = preSolution
		HideSolutionNode = FALSE
	EndGlobalSection
	GlobalSection(ExtensibilityGlobals) = postSolution
		SolutionGuid = {C87C0B9D-E49B-4304-BE44-173137AC8756}
	EndGlobalSection
EndGlobal
