
Microsoft Visual Studio Solution File, Format Version 12.00
# Visual Studio Version 17
VisualStudioVersion = 17.5.33424.131
MinimumVisualStudioVersion = 10.0.40219.1
Project("{FAE04EC0-301F-11D3-BF4B-00C04F79EFBC}") = "lab1", "lab1\lab1.csproj", "{94CCE70B-65F6-4A29-951C-F64733148531}"
EndProject
Global
	GlobalSection(SolutionConfigurationPlatforms) = preSolution
		Debug|Any CPU = Debug|Any CPU
		Release|Any CPU = Release|Any CPU
	EndGlobalSection
	GlobalSection(ProjectConfigurationPlatforms) = postSolution
		{94CCE70B-65F6-4A29-951C-F64733148531}.Debug|Any CPU.ActiveCfg = Debug|Any CPU
		{94CCE70B-65F6-4A29-951C-F64733148531}.Debug|Any CPU.Build.0 = Debug|Any CPU
		{94CCE70B-65F6-4A29-951C-F64733148531}.Release|Any CPU.ActiveCfg = Release|Any CPU
		{94CCE70B-65F6-4A29-951C-F64733148531}.Release|Any CPU.Build.0 = Release|Any CPU
	EndGlobalSection
	GlobalSection(SolutionProperties) = preSolution
		HideSolutionNode = FALSE
	EndGlobalSection
	GlobalSection(ExtensibilityGlobals) = postSolution
		SolutionGuid = {7BBB04E6-01B7-48E1-BC1D-8AFBD24AF453}
	EndGlobalSection
EndGlobal
