
Microsoft Visual Studio Solution File, Format Version 12.00
# Visual Studio Version 17
VisualStudioVersion = 17.4.33213.308
MinimumVisualStudioVersion = 10.0.40219.1
Project("{FAE04EC0-301F-11D3-BF4B-00C04F79EFBC}") = "подберипару", "подберипару\подберипару.csproj", "{1C32E5FF-AF44-4CD1-8D02-95C7D2F80474}"
EndProject
Global
	GlobalSection(SolutionConfigurationPlatforms) = preSolution
		Debug|Any CPU = Debug|Any CPU
		Release|Any CPU = Release|Any CPU
	EndGlobalSection
	GlobalSection(ProjectConfigurationPlatforms) = postSolution
		{1C32E5FF-AF44-4CD1-8D02-95C7D2F80474}.Debug|Any CPU.ActiveCfg = Debug|Any CPU
		{1C32E5FF-AF44-4CD1-8D02-95C7D2F80474}.Debug|Any CPU.Build.0 = Debug|Any CPU
		{1C32E5FF-AF44-4CD1-8D02-95C7D2F80474}.Release|Any CPU.ActiveCfg = Release|Any CPU
		{1C32E5FF-AF44-4CD1-8D02-95C7D2F80474}.Release|Any CPU.Build.0 = Release|Any CPU
	EndGlobalSection
	GlobalSection(SolutionProperties) = preSolution
		HideSolutionNode = FALSE
	EndGlobalSection
	GlobalSection(ExtensibilityGlobals) = postSolution
		SolutionGuid = {F1F9509D-DCD5-4C0E-AD3F-BDC9DB92EF06}
	EndGlobalSection
EndGlobal
